
Microsoft Visual Studio Solution File, Format Version 12.00
# Visual Studio Version 16
VisualStudioVersion = 16.0.28922.388
MinimumVisualStudioVersion = 10.0.40219.1
Project("{9A19103F-16F7-4668-BE54-9A1E7A4F7556}") = "Bucket.Semver", "src\Bucket.Semver\Bucket.Semver.csproj", "{D217318F-6469-47AE-86AA-15AFE746A3F6}"
EndProject
Project("{9A19103F-16F7-4668-BE54-9A1E7A4F7556}") = "Bucket.Semver.Tests", "src\Bucket.Semver.Tests\Bucket.Semver.Tests.csproj", "{B70054C2-F04E-44D2-9ABC-D925914ED0AA}"
EndProject
Global
	GlobalSection(SolutionConfigurationPlatforms) = preSolution
		Debug|Any CPU = Debug|Any CPU
		Release|Any CPU = Release|Any CPU
	EndGlobalSection
	GlobalSection(ProjectConfigurationPlatforms) = postSolution
		{D217318F-6469-47AE-86AA-15AFE746A3F6}.Debug|Any CPU.ActiveCfg = Debug|Any CPU
		{D217318F-6469-47AE-86AA-15AFE746A3F6}.Debug|Any CPU.Build.0 = Debug|Any CPU
		{D217318F-6469-47AE-86AA-15AFE746A3F6}.Release|Any CPU.ActiveCfg = Release|Any CPU
		{D217318F-6469-47AE-86AA-15AFE746A3F6}.Release|Any CPU.Build.0 = Release|Any CPU
		{B70054C2-F04E-44D2-9ABC-D925914ED0AA}.Debug|Any CPU.ActiveCfg = Debug|Any CPU
		{B70054C2-F04E-44D2-9ABC-D925914ED0AA}.Debug|Any CPU.Build.0 = Debug|Any CPU
		{B70054C2-F04E-44D2-9ABC-D925914ED0AA}.Release|Any CPU.ActiveCfg = Release|Any CPU
		{B70054C2-F04E-44D2-9ABC-D925914ED0AA}.Release|Any CPU.Build.0 = Release|Any CPU
	EndGlobalSection
	GlobalSection(SolutionProperties) = preSolution
		HideSolutionNode = FALSE
	EndGlobalSection
	GlobalSection(ExtensibilityGlobals) = postSolution
		SolutionGuid = {4594DF04-95D1-4C32-AD70-28BDCF5A1903}
	EndGlobalSection
EndGlobal
